
Microsoft Visual Studio Solution File, Format Version 12.00
# Visual Studio Version 17
VisualStudioVersion = 17.10.34928.147
MinimumVisualStudioVersion = 10.0.40219.1
Project("{2150E333-8FDC-42A3-9474-1A3956D46DE8}") = "src", "src", "{CFE7A31A-A87A-477F-A825-BE0879406B7F}"
EndProject
Project("{2150E333-8FDC-42A3-9474-1A3956D46DE8}") = "backend", "backend", "{517AE5AD-2436-43F4-A11A-1956E1722500}"
EndProject
Project("{2150E333-8FDC-42A3-9474-1A3956D46DE8}") = "frontend", "frontend", "{7C6F697A-EEFF-47B1-8DA2-FF4450345539}"
EndProject
Project("{2150E333-8FDC-42A3-9474-1A3956D46DE8}") = "Common", "Common", "{CDDA8049-A0E7-4969-A97A-A09FFBFB3245}"
EndProject
Project("{2150E333-8FDC-42A3-9474-1A3956D46DE8}") = "Modules", "Modules", "{74CDD0C0-6801-418B-A67B-5E4E1B19A961}"
EndProject
Project("{2150E333-8FDC-42A3-9474-1A3956D46DE8}") = "Infraestructura", "Infraestructura", "{DCC5DDF3-5559-4CD7-84CF-34A251FDC00C}"
EndProject
Project("{9A19103F-16F7-4668-BE54-9A1E7A4F7556}") = "Restaurant.Common.Data", "Restaurant.Common.Data\Restaurant.Common.Data.csproj", "{77499395-B0F2-441A-9C29-5D490D174E1D}"
EndProject
Project("{9A19103F-16F7-4668-BE54-9A1E7A4F7556}") = "Restaurant.Infraestructura", "Restaurant.Infraestructura\Restaurant.Infraestructura.csproj", "{5245857F-2CD4-457F-AD71-148816858C2A}"
EndProject
Project("{2150E333-8FDC-42A3-9474-1A3956D46DE8}") = "Cliente Management", "Cliente Management", "{EC8CEF19-CE15-4D02-A637-5156E56F1EC1}"
EndProject
Project("{2150E333-8FDC-42A3-9474-1A3956D46DE8}") = "Apis", "Apis", "{7624FC8F-36A1-406C-9BFA-F7159D849943}"
EndProject
Project("{2150E333-8FDC-42A3-9474-1A3956D46DE8}") = "Application", "Application", "{E96B813F-CEDB-4ABF-999E-31FC2B29BFA7}"
EndProject
Project("{2150E333-8FDC-42A3-9474-1A3956D46DE8}") = "Domain", "Domain", "{ABDF1468-029A-40EF-9484-28EA6431688C}"
EndProject
Project("{2150E333-8FDC-42A3-9474-1A3956D46DE8}") = "Persistence", "Persistence", "{B8E0FB16-5AD3-44B7-B24B-96CD1577724B}"
EndProject
Project("{9A19103F-16F7-4668-BE54-9A1E7A4F7556}") = "Restaurant.Cliente.Api", "Restaurant.Cliente.Api\Restaurant.Cliente.Api.csproj", "{C2E08C33-5091-4C04-B60E-3E0F5DE2D3B3}"
EndProject
Project("{9A19103F-16F7-4668-BE54-9A1E7A4F7556}") = "Restaurant.Cliente.Application", "Restaurant.Cliente.Application\Restaurant.Cliente.Application.csproj", "{5AC3ADC9-441A-4449-AD84-CD51A9E7D520}"
EndProject
Project("{9A19103F-16F7-4668-BE54-9A1E7A4F7556}") = "Restaurant.Cliente.Domain", "Restaurant.Client.Domain\Restaurant.Cliente.Domain.csproj", "{812AF898-9F64-4671-8B75-5C2C475B47C7}"
EndProject
Project("{9A19103F-16F7-4668-BE54-9A1E7A4F7556}") = "Restaurant.Cliente.Persistance", "Restaurant.Cliente.Persistance\Restaurant.Cliente.Persistance.csproj", "{33FCF22A-3D39-4CCD-9A22-04B4E35EB194}"
EndProject
Project("{2150E333-8FDC-42A3-9474-1A3956D46DE8}") = "IOC", "IOC", "{87E67C59-C06B-42FE-A793-7447132DB85E}"
EndProject
Project("{FAE04EC0-301F-11D3-BF4B-00C04F79EFBC}") = "RestaurantProMaCliente.IOC", "RestaurantProMaCliente.IOC\RestaurantProMaCliente.IOC.csproj", "{67B08A00-59E2-47BF-B8E1-749C60D36D6E}"
EndProject
Global
	GlobalSection(SolutionConfigurationPlatforms) = preSolution
		Debug|Any CPU = Debug|Any CPU
		Release|Any CPU = Release|Any CPU
	EndGlobalSection
	GlobalSection(ProjectConfigurationPlatforms) = postSolution
		{77499395-B0F2-441A-9C29-5D490D174E1D}.Debug|Any CPU.ActiveCfg = Debug|Any CPU
		{77499395-B0F2-441A-9C29-5D490D174E1D}.Debug|Any CPU.Build.0 = Debug|Any CPU
		{77499395-B0F2-441A-9C29-5D490D174E1D}.Release|Any CPU.ActiveCfg = Release|Any CPU
		{77499395-B0F2-441A-9C29-5D490D174E1D}.Release|Any CPU.Build.0 = Release|Any CPU
		{5245857F-2CD4-457F-AD71-148816858C2A}.Debug|Any CPU.ActiveCfg = Debug|Any CPU
		{5245857F-2CD4-457F-AD71-148816858C2A}.Debug|Any CPU.Build.0 = Debug|Any CPU
		{5245857F-2CD4-457F-AD71-148816858C2A}.Release|Any CPU.ActiveCfg = Release|Any CPU
		{5245857F-2CD4-457F-AD71-148816858C2A}.Release|Any CPU.Build.0 = Release|Any CPU
		{C2E08C33-5091-4C04-B60E-3E0F5DE2D3B3}.Debug|Any CPU.ActiveCfg = Debug|Any CPU
		{C2E08C33-5091-4C04-B60E-3E0F5DE2D3B3}.Debug|Any CPU.Build.0 = Debug|Any CPU
		{C2E08C33-5091-4C04-B60E-3E0F5DE2D3B3}.Release|Any CPU.ActiveCfg = Release|Any CPU
		{C2E08C33-5091-4C04-B60E-3E0F5DE2D3B3}.Release|Any CPU.Build.0 = Release|Any CPU
		{5AC3ADC9-441A-4449-AD84-CD51A9E7D520}.Debug|Any CPU.ActiveCfg = Debug|Any CPU
		{5AC3ADC9-441A-4449-AD84-CD51A9E7D520}.Debug|Any CPU.Build.0 = Debug|Any CPU
		{5AC3ADC9-441A-4449-AD84-CD51A9E7D520}.Release|Any CPU.ActiveCfg = Release|Any CPU
		{5AC3ADC9-441A-4449-AD84-CD51A9E7D520}.Release|Any CPU.Build.0 = Release|Any CPU
		{812AF898-9F64-4671-8B75-5C2C475B47C7}.Debug|Any CPU.ActiveCfg = Debug|Any CPU
		{812AF898-9F64-4671-8B75-5C2C475B47C7}.Debug|Any CPU.Build.0 = Debug|Any CPU
		{812AF898-9F64-4671-8B75-5C2C475B47C7}.Release|Any CPU.ActiveCfg = Release|Any CPU
		{812AF898-9F64-4671-8B75-5C2C475B47C7}.Release|Any CPU.Build.0 = Release|Any CPU
		{33FCF22A-3D39-4CCD-9A22-04B4E35EB194}.Debug|Any CPU.ActiveCfg = Debug|Any CPU
		{33FCF22A-3D39-4CCD-9A22-04B4E35EB194}.Debug|Any CPU.Build.0 = Debug|Any CPU
		{33FCF22A-3D39-4CCD-9A22-04B4E35EB194}.Release|Any CPU.ActiveCfg = Release|Any CPU
		{33FCF22A-3D39-4CCD-9A22-04B4E35EB194}.Release|Any CPU.Build.0 = Release|Any CPU
		{67B08A00-59E2-47BF-B8E1-749C60D36D6E}.Debug|Any CPU.ActiveCfg = Debug|Any CPU
		{67B08A00-59E2-47BF-B8E1-749C60D36D6E}.Debug|Any CPU.Build.0 = Debug|Any CPU
		{67B08A00-59E2-47BF-B8E1-749C60D36D6E}.Release|Any CPU.ActiveCfg = Release|Any CPU
		{67B08A00-59E2-47BF-B8E1-749C60D36D6E}.Release|Any CPU.Build.0 = Release|Any CPU
	EndGlobalSection
	GlobalSection(SolutionProperties) = preSolution
		HideSolutionNode = FALSE
	EndGlobalSection
	GlobalSection(NestedProjects) = preSolution
		{517AE5AD-2436-43F4-A11A-1956E1722500} = {CFE7A31A-A87A-477F-A825-BE0879406B7F}
		{7C6F697A-EEFF-47B1-8DA2-FF4450345539} = {CFE7A31A-A87A-477F-A825-BE0879406B7F}
		{CDDA8049-A0E7-4969-A97A-A09FFBFB3245} = {517AE5AD-2436-43F4-A11A-1956E1722500}
		{74CDD0C0-6801-418B-A67B-5E4E1B19A961} = {517AE5AD-2436-43F4-A11A-1956E1722500}
		{DCC5DDF3-5559-4CD7-84CF-34A251FDC00C} = {517AE5AD-2436-43F4-A11A-1956E1722500}
		{77499395-B0F2-441A-9C29-5D490D174E1D} = {CDDA8049-A0E7-4969-A97A-A09FFBFB3245}
		{5245857F-2CD4-457F-AD71-148816858C2A} = {DCC5DDF3-5559-4CD7-84CF-34A251FDC00C}
		{EC8CEF19-CE15-4D02-A637-5156E56F1EC1} = {74CDD0C0-6801-418B-A67B-5E4E1B19A961}
		{7624FC8F-36A1-406C-9BFA-F7159D849943} = {EC8CEF19-CE15-4D02-A637-5156E56F1EC1}
		{E96B813F-CEDB-4ABF-999E-31FC2B29BFA7} = {EC8CEF19-CE15-4D02-A637-5156E56F1EC1}
		{ABDF1468-029A-40EF-9484-28EA6431688C} = {EC8CEF19-CE15-4D02-A637-5156E56F1EC1}
		{B8E0FB16-5AD3-44B7-B24B-96CD1577724B} = {EC8CEF19-CE15-4D02-A637-5156E56F1EC1}
		{C2E08C33-5091-4C04-B60E-3E0F5DE2D3B3} = {7624FC8F-36A1-406C-9BFA-F7159D849943}
		{5AC3ADC9-441A-4449-AD84-CD51A9E7D520} = {E96B813F-CEDB-4ABF-999E-31FC2B29BFA7}
		{812AF898-9F64-4671-8B75-5C2C475B47C7} = {ABDF1468-029A-40EF-9484-28EA6431688C}
		{33FCF22A-3D39-4CCD-9A22-04B4E35EB194} = {B8E0FB16-5AD3-44B7-B24B-96CD1577724B}
		{87E67C59-C06B-42FE-A793-7447132DB85E} = {EC8CEF19-CE15-4D02-A637-5156E56F1EC1}
		{67B08A00-59E2-47BF-B8E1-749C60D36D6E} = {87E67C59-C06B-42FE-A793-7447132DB85E}
	EndGlobalSection
	GlobalSection(ExtensibilityGlobals) = postSolution
		SolutionGuid = {7DE81E45-D13D-4414-B155-16B380D0B5E9}
	EndGlobalSection
EndGlobal
